
Microsoft Visual Studio Solution File, Format Version 12.00
# Visual Studio Version 17
VisualStudioVersion = 17.9.34728.123
MinimumVisualStudioVersion = 10.0.40219.1
Project("{FAE04EC0-301F-11D3-BF4B-00C04F79EFBC}") = "ST10198206_PROG6221_PartOne", "ConsoleApp1\ST10198206_PROG6221_PartOne.csproj", "{828973C3-3B7F-405E-8311-75B19B4CA3C0}"
EndProject
Global
	GlobalSection(SolutionConfigurationPlatforms) = preSolution
		Debug|Any CPU = Debug|Any CPU
		Release|Any CPU = Release|Any CPU
	EndGlobalSection
	GlobalSection(ProjectConfigurationPlatforms) = postSolution
		{828973C3-3B7F-405E-8311-75B19B4CA3C0}.Debug|Any CPU.ActiveCfg = Debug|Any CPU
		{828973C3-3B7F-405E-8311-75B19B4CA3C0}.Debug|Any CPU.Build.0 = Debug|Any CPU
		{828973C3-3B7F-405E-8311-75B19B4CA3C0}.Release|Any CPU.ActiveCfg = Release|Any CPU
		{828973C3-3B7F-405E-8311-75B19B4CA3C0}.Release|Any CPU.Build.0 = Release|Any CPU
	EndGlobalSection
	GlobalSection(SolutionProperties) = preSolution
		HideSolutionNode = FALSE
	EndGlobalSection
	GlobalSection(ExtensibilityGlobals) = postSolution
		SolutionGuid = {FD0A73EB-F3BC-47E6-A741-6368F38D07F2}
	EndGlobalSection
EndGlobal
